
Microsoft Visual Studio Solution File, Format Version 12.00
# Visual Studio Version 16
VisualStudioVersion = 16.0.808.7
MinimumVisualStudioVersion = 10.0.40219.1
Project("{FAE04EC0-301F-11D3-BF4B-00C04F79EFBC}") = "aps_tutorial1", "aps_tutorial1\aps_tutorial1.csproj", "{A8070754-423E-4D4E-B7A6-EE0803FC652C}"
EndProject
Global
	GlobalSection(SolutionConfigurationPlatforms) = preSolution
		Debug|Any CPU = Debug|Any CPU
		Release|Any CPU = Release|Any CPU
	EndGlobalSection
	GlobalSection(ProjectConfigurationPlatforms) = postSolution
		{A8070754-423E-4D4E-B7A6-EE0803FC652C}.Debug|Any CPU.ActiveCfg = Debug|Any CPU
		{A8070754-423E-4D4E-B7A6-EE0803FC652C}.Debug|Any CPU.Build.0 = Debug|Any CPU
		{A8070754-423E-4D4E-B7A6-EE0803FC652C}.Release|Any CPU.ActiveCfg = Release|Any CPU
		{A8070754-423E-4D4E-B7A6-EE0803FC652C}.Release|Any CPU.Build.0 = Release|Any CPU
	EndGlobalSection
	GlobalSection(SolutionProperties) = preSolution
		HideSolutionNode = FALSE
	EndGlobalSection
	GlobalSection(ExtensibilityGlobals) = postSolution
		SolutionGuid = {525C353F-2939-4F67-9D4B-92193CC256B5}
	EndGlobalSection
EndGlobal
